
Microsoft Visual Studio Solution File, Format Version 12.00
# Visual Studio 2013
VisualStudioVersion = 12.0.30501.0
MinimumVisualStudioVersion = 10.0.40219.1
Project("{888888A0-9F3D-457C-B088-3A5042F75D52}") = "SensorAPI", "SensorAPI\SensorAPI.pyproj", "{2634D876-FAA6-4CAF-A5E0-73B0C6EF86B5}"
EndProject
Project("{E24C65DC-7377-472B-9ABA-BC803B73C61A}") = "GUI", "http://localhost:59437", "{2255ACA8-C09D-4D59-8D95-39B214B1ADCE}"
	ProjectSection(WebsiteProperties) = preProject
		UseIISExpress = "true"
		TargetFrameworkMoniker = ".NETFramework,Version%3Dv4.0"
		Debug.AspNetCompiler.VirtualPath = "/localhost_59437"
		Debug.AspNetCompiler.PhysicalPath = "GUI\"
		Debug.AspNetCompiler.TargetPath = "PrecompiledWeb\localhost_59437\"
		Debug.AspNetCompiler.Updateable = "true"
		Debug.AspNetCompiler.ForceOverwrite = "true"
		Debug.AspNetCompiler.FixedNames = "false"
		Debug.AspNetCompiler.Debug = "True"
		Release.AspNetCompiler.VirtualPath = "/localhost_59437"
		Release.AspNetCompiler.PhysicalPath = "GUI\"
		Release.AspNetCompiler.TargetPath = "PrecompiledWeb\localhost_59437\"
		Release.AspNetCompiler.Updateable = "true"
		Release.AspNetCompiler.ForceOverwrite = "true"
		Release.AspNetCompiler.FixedNames = "false"
		Release.AspNetCompiler.Debug = "False"
		SlnRelativePath = "GUI\"
		DefaultWebSiteLanguage = "Visual C#"
	EndProjectSection
EndProject
Project("{888888A0-9F3D-457C-B088-3A5042F75D52}") = "SensorServer", "SensorServer\SensorServer.pyproj", "{1244986A-E0F3-4964-AF6C-314B2F56FF82}"
EndProject
Global
	GlobalSection(SolutionConfigurationPlatforms) = preSolution
		Debug|Any CPU = Debug|Any CPU
		Release|Any CPU = Release|Any CPU
	EndGlobalSection
	GlobalSection(ProjectConfigurationPlatforms) = postSolution
		{2634D876-FAA6-4CAF-A5E0-73B0C6EF86B5}.Debug|Any CPU.ActiveCfg = Debug|Any CPU
		{2634D876-FAA6-4CAF-A5E0-73B0C6EF86B5}.Release|Any CPU.ActiveCfg = Release|Any CPU
		{2255ACA8-C09D-4D59-8D95-39B214B1ADCE}.Debug|Any CPU.ActiveCfg = Debug|Any CPU
		{2255ACA8-C09D-4D59-8D95-39B214B1ADCE}.Debug|Any CPU.Build.0 = Debug|Any CPU
		{2255ACA8-C09D-4D59-8D95-39B214B1ADCE}.Release|Any CPU.ActiveCfg = Debug|Any CPU
		{2255ACA8-C09D-4D59-8D95-39B214B1ADCE}.Release|Any CPU.Build.0 = Debug|Any CPU
		{1244986A-E0F3-4964-AF6C-314B2F56FF82}.Debug|Any CPU.ActiveCfg = Debug|Any CPU
		{1244986A-E0F3-4964-AF6C-314B2F56FF82}.Release|Any CPU.ActiveCfg = Release|Any CPU
	EndGlobalSection
	GlobalSection(SolutionProperties) = preSolution
		HideSolutionNode = FALSE
	EndGlobalSection
EndGlobal
